
Microsoft Visual Studio Solution File, Format Version 12.00
# Visual Studio 2012
Project("{FAE04EC0-301F-11D3-BF4B-00C04F79EFBC}") = "Cohesion3D.github.io", "Cohesion3D.github.io.csproj", "{D7622C7B-8B30-4A27-8DA9-FE8E89C88B3E}"
EndProject
Global
	GlobalSection(SolutionConfigurationPlatforms) = preSolution
		Debug|Any CPU = Debug|Any CPU
		Release|Any CPU = Release|Any CPU
	EndGlobalSection
	GlobalSection(ProjectConfigurationPlatforms) = postSolution
		{D7622C7B-8B30-4A27-8DA9-FE8E89C88B3E}.Debug|Any CPU.ActiveCfg = Debug|Any CPU
		{D7622C7B-8B30-4A27-8DA9-FE8E89C88B3E}.Debug|Any CPU.Build.0 = Debug|Any CPU
		{D7622C7B-8B30-4A27-8DA9-FE8E89C88B3E}.Release|Any CPU.ActiveCfg = Release|Any CPU
		{D7622C7B-8B30-4A27-8DA9-FE8E89C88B3E}.Release|Any CPU.Build.0 = Release|Any CPU
	EndGlobalSection
	GlobalSection(SolutionProperties) = preSolution
		HideSolutionNode = FALSE
	EndGlobalSection
EndGlobal
